
Microsoft Visual Studio Solution File, Format Version 12.00
# Visual Studio 2013
VisualStudioVersion = 12.0.31101.0
MinimumVisualStudioVersion = 10.0.40219.1
Project("{2150E333-8FDC-42A3-9474-1A3956D46DE8}") = "Feature", "Feature", "{0E9429EB-EC69-4253-8B48-CC30A0F87FAF}"
EndProject
Project("{2150E333-8FDC-42A3-9474-1A3956D46DE8}") = "Foundation", "Foundation", "{7329F4AC-0F5A-4D65-A50D-4285CFB111B7}"
EndProject
Project("{2150E333-8FDC-42A3-9474-1A3956D46DE8}") = "Project", "Project", "{431CC9B4-03CA-42ED-BB7E-7F1C5193715C}"
EndProject
Project("{FAE04EC0-301F-11D3-BF4B-00C04F79EFBC}") = "Piccolo.Project.Web", "Project\Piccolo.Project.Web\Piccolo.Project.Web.csproj", "{F512658D-C5C7-4A54-9331-29ECCA6FBA73}"
EndProject
Project("{2150E333-8FDC-42A3-9474-1A3956D46DE8}") = "Navigation", "Navigation", "{72AD63BB-9C87-42E8-A741-CF74121A9E26}"
EndProject
Project("{FAE04EC0-301F-11D3-BF4B-00C04F79EFBC}") = "Piccolo.Feature.Navigation", "Feature\Navigation\Piccolo.Feature.Navigation\Piccolo.Feature.Navigation.csproj", "{71B0E8C2-CD30-474E-9AF1-75A1D0DB7C5B}"
EndProject
Project("{2150E333-8FDC-42A3-9474-1A3956D46DE8}") = "Account", "Account", "{5C100CE9-8B45-4EF3-BCF4-CCF0DF94BA88}"
EndProject
Project("{2150E333-8FDC-42A3-9474-1A3956D46DE8}") = "Social", "Social", "{5BD3F833-ED93-464A-9785-8919BF6CA4C3}"
EndProject
Project("{2150E333-8FDC-42A3-9474-1A3956D46DE8}") = "Seo", "Seo", "{A80B0A25-6306-456A-9D92-413619F1C274}"
EndProject
Project("{2150E333-8FDC-42A3-9474-1A3956D46DE8}") = "Gallery", "Gallery", "{66D57952-A58D-4422-A52E-CC5C0122BBE9}"
EndProject
Project("{FAE04EC0-301F-11D3-BF4B-00C04F79EFBC}") = "Piccolo.Feature.Gallery", "Feature\Gallery\Piccolo.Feature.Gallery\Piccolo.Feature.Gallery.csproj", "{F44B9C9B-D663-4BD0-B70D-2C96B89E9222}"
EndProject
Project("{2150E333-8FDC-42A3-9474-1A3956D46DE8}") = "Media", "Media", "{82D1D03F-A89D-42FD-9CBB-C5D779D2FC44}"
EndProject
Project("{FAE04EC0-301F-11D3-BF4B-00C04F79EFBC}") = "Piccolo.Feature.Media", "Feature\Media\Piccolo.Feature.Media\Piccolo.Feature.Media.csproj", "{D279BF86-3E79-4F65-8C36-53D26A86D3FB}"
EndProject
Project("{2150E333-8FDC-42A3-9474-1A3956D46DE8}") = "Configuration", "Configuration", "{348C706B-1E65-4D50-BB97-B936741587FB}"
EndProject
Project("{FAE04EC0-301F-11D3-BF4B-00C04F79EFBC}") = "Piccolo.Foundation.Configuration", "Foundation\Configuration\Piccolo.Foundation.Configuration\Piccolo.Foundation.Configuration.csproj", "{5D1A2188-3243-4924-9DFD-F15C2F11DF04}"
EndProject
Project("{2150E333-8FDC-42A3-9474-1A3956D46DE8}") = "Search", "Search", "{EBBF1076-763C-40FF-81BD-16AF8E3F5082}"
EndProject
Project("{FAE04EC0-301F-11D3-BF4B-00C04F79EFBC}") = "Piccolo.Feature.Search", "Feature\Search\Piccolo.Feature.Search\Piccolo.Feature.Search.csproj", "{B347A3CA-776D-41EC-8196-BDB59F7FD0FD}"
EndProject
Project("{2150E333-8FDC-42A3-9474-1A3956D46DE8}") = "Deploy", "Deploy", "{17517A9A-3C2A-4BE0-B329-D8DA4CA719C0}"
EndProject
Project("{CAA73BB0-EF22-4D79-A57E-DF67B3BA9C80}") = "Piccolo.Deploy.TDS", "Deploy\Piccolo.Deploy.TDS\Piccolo.Deploy.TDS.scproj", "{C9F4C184-A52F-4E4A-9083-53D7DD5A6A66}"
EndProject
Project("{2150E333-8FDC-42A3-9474-1A3956D46DE8}") = "DependencyInjection", "DependencyInjection", "{BE10FD6A-2124-4EBA-B3F6-57BC5B2D3FB6}"
EndProject
Project("{FAE04EC0-301F-11D3-BF4B-00C04F79EFBC}") = "Piccolo.Foundation.DependencyInjection", "Foundation\DependencyInjection\Piccolo.Foundation.DependencyInjection\Piccolo.Foundation.DependencyInjection.csproj", "{610EC8C0-73D0-4E5F-82C3-779BAE74ACBD}"
EndProject
Project("{2150E333-8FDC-42A3-9474-1A3956D46DE8}") = "Repository", "Repository", "{5FCCC472-FD66-410E-8CE5-CB357D1A9C58}"
EndProject
Project("{FAE04EC0-301F-11D3-BF4B-00C04F79EFBC}") = "Piccolo.Foundation.Repository", "Foundation\Repository\Piccolo.Foundation.Repository\Piccolo.Foundation.Repository.csproj", "{58F3C9D1-E5C3-4FA1-94DE-6A98F020566A}"
EndProject
Project("{2150E333-8FDC-42A3-9474-1A3956D46DE8}") = "Home", "Home", "{C8157E73-110E-49D1-9BFB-7B20BC6911F2}"
EndProject
Project("{FAE04EC0-301F-11D3-BF4B-00C04F79EFBC}") = "Piccolo.Feature.Home", "Feature\Home\Piccolo.Feature.Home\Piccolo.Feature.Home.csproj", "{5C60A278-0A56-4138-939F-CF3AC181AB32}"
EndProject
Project("{FAE04EC0-301F-11D3-BF4B-00C04F79EFBC}") = "Piccolo.Feature.Seo", "Feature\Seo\Piccolo.Feature.Seo\Piccolo.Feature.Seo.csproj", "{7591CA4A-9A77-43A5-9D9F-118BE8091752}"
EndProject
Project("{2150E333-8FDC-42A3-9474-1A3956D46DE8}") = "Base", "Base", "{E425164E-3A57-4896-999F-8B9A9293289E}"
EndProject
Project("{FAE04EC0-301F-11D3-BF4B-00C04F79EFBC}") = "Piccolo.Foundation.Base", "Foundation\Base\Piccolo.Foundation.Base\Piccolo.Foundation.Base.csproj", "{472D71EE-201F-4503-9221-B7911EB1AD00}"
EndProject
Project("{2150E333-8FDC-42A3-9474-1A3956D46DE8}") = "Forms", "Forms", "{4BDD96E0-4865-41AB-B435-D59367DF551D}"
EndProject
Project("{FAE04EC0-301F-11D3-BF4B-00C04F79EFBC}") = "Piccolo.Feature.Forms", "Feature\Forms\Piccolo.Feature.Forms\Piccolo.Feature.Forms.csproj", "{C39C47BB-9218-4CA0-B912-6600F68079A3}"
EndProject
Global
	GlobalSection(SolutionConfigurationPlatforms) = preSolution
		Debug|Any CPU = Debug|Any CPU
		Release|Any CPU = Release|Any CPU
	EndGlobalSection
	GlobalSection(ProjectConfigurationPlatforms) = postSolution
		{F512658D-C5C7-4A54-9331-29ECCA6FBA73}.Debug|Any CPU.ActiveCfg = Debug|Any CPU
		{F512658D-C5C7-4A54-9331-29ECCA6FBA73}.Debug|Any CPU.Build.0 = Debug|Any CPU
		{F512658D-C5C7-4A54-9331-29ECCA6FBA73}.Release|Any CPU.ActiveCfg = Release|Any CPU
		{F512658D-C5C7-4A54-9331-29ECCA6FBA73}.Release|Any CPU.Build.0 = Release|Any CPU
		{71B0E8C2-CD30-474E-9AF1-75A1D0DB7C5B}.Debug|Any CPU.ActiveCfg = Debug|Any CPU
		{71B0E8C2-CD30-474E-9AF1-75A1D0DB7C5B}.Debug|Any CPU.Build.0 = Debug|Any CPU
		{71B0E8C2-CD30-474E-9AF1-75A1D0DB7C5B}.Release|Any CPU.ActiveCfg = Release|Any CPU
		{71B0E8C2-CD30-474E-9AF1-75A1D0DB7C5B}.Release|Any CPU.Build.0 = Release|Any CPU
		{F44B9C9B-D663-4BD0-B70D-2C96B89E9222}.Debug|Any CPU.ActiveCfg = Debug|Any CPU
		{F44B9C9B-D663-4BD0-B70D-2C96B89E9222}.Debug|Any CPU.Build.0 = Debug|Any CPU
		{F44B9C9B-D663-4BD0-B70D-2C96B89E9222}.Release|Any CPU.ActiveCfg = Release|Any CPU
		{F44B9C9B-D663-4BD0-B70D-2C96B89E9222}.Release|Any CPU.Build.0 = Release|Any CPU
		{D279BF86-3E79-4F65-8C36-53D26A86D3FB}.Debug|Any CPU.ActiveCfg = Debug|Any CPU
		{D279BF86-3E79-4F65-8C36-53D26A86D3FB}.Debug|Any CPU.Build.0 = Debug|Any CPU
		{D279BF86-3E79-4F65-8C36-53D26A86D3FB}.Release|Any CPU.ActiveCfg = Release|Any CPU
		{D279BF86-3E79-4F65-8C36-53D26A86D3FB}.Release|Any CPU.Build.0 = Release|Any CPU
		{5D1A2188-3243-4924-9DFD-F15C2F11DF04}.Debug|Any CPU.ActiveCfg = Debug|Any CPU
		{5D1A2188-3243-4924-9DFD-F15C2F11DF04}.Debug|Any CPU.Build.0 = Debug|Any CPU
		{5D1A2188-3243-4924-9DFD-F15C2F11DF04}.Release|Any CPU.ActiveCfg = Release|Any CPU
		{5D1A2188-3243-4924-9DFD-F15C2F11DF04}.Release|Any CPU.Build.0 = Release|Any CPU
		{B347A3CA-776D-41EC-8196-BDB59F7FD0FD}.Debug|Any CPU.ActiveCfg = Debug|Any CPU
		{B347A3CA-776D-41EC-8196-BDB59F7FD0FD}.Debug|Any CPU.Build.0 = Debug|Any CPU
		{B347A3CA-776D-41EC-8196-BDB59F7FD0FD}.Release|Any CPU.ActiveCfg = Release|Any CPU
		{B347A3CA-776D-41EC-8196-BDB59F7FD0FD}.Release|Any CPU.Build.0 = Release|Any CPU
		{C9F4C184-A52F-4E4A-9083-53D7DD5A6A66}.Debug|Any CPU.ActiveCfg = Debug|Any CPU
		{C9F4C184-A52F-4E4A-9083-53D7DD5A6A66}.Debug|Any CPU.Build.0 = Debug|Any CPU
		{C9F4C184-A52F-4E4A-9083-53D7DD5A6A66}.Debug|Any CPU.Deploy.0 = Debug|Any CPU
		{C9F4C184-A52F-4E4A-9083-53D7DD5A6A66}.Release|Any CPU.ActiveCfg = Release|Any CPU
		{C9F4C184-A52F-4E4A-9083-53D7DD5A6A66}.Release|Any CPU.Build.0 = Release|Any CPU
		{C9F4C184-A52F-4E4A-9083-53D7DD5A6A66}.Release|Any CPU.Deploy.0 = Release|Any CPU
		{610EC8C0-73D0-4E5F-82C3-779BAE74ACBD}.Debug|Any CPU.ActiveCfg = Debug|Any CPU
		{610EC8C0-73D0-4E5F-82C3-779BAE74ACBD}.Debug|Any CPU.Build.0 = Debug|Any CPU
		{610EC8C0-73D0-4E5F-82C3-779BAE74ACBD}.Release|Any CPU.ActiveCfg = Release|Any CPU
		{610EC8C0-73D0-4E5F-82C3-779BAE74ACBD}.Release|Any CPU.Build.0 = Release|Any CPU
		{58F3C9D1-E5C3-4FA1-94DE-6A98F020566A}.Debug|Any CPU.ActiveCfg = Debug|Any CPU
		{58F3C9D1-E5C3-4FA1-94DE-6A98F020566A}.Debug|Any CPU.Build.0 = Debug|Any CPU
		{58F3C9D1-E5C3-4FA1-94DE-6A98F020566A}.Release|Any CPU.ActiveCfg = Release|Any CPU
		{58F3C9D1-E5C3-4FA1-94DE-6A98F020566A}.Release|Any CPU.Build.0 = Release|Any CPU
		{5C60A278-0A56-4138-939F-CF3AC181AB32}.Debug|Any CPU.ActiveCfg = Debug|Any CPU
		{5C60A278-0A56-4138-939F-CF3AC181AB32}.Debug|Any CPU.Build.0 = Debug|Any CPU
		{5C60A278-0A56-4138-939F-CF3AC181AB32}.Release|Any CPU.ActiveCfg = Release|Any CPU
		{5C60A278-0A56-4138-939F-CF3AC181AB32}.Release|Any CPU.Build.0 = Release|Any CPU
		{7591CA4A-9A77-43A5-9D9F-118BE8091752}.Debug|Any CPU.ActiveCfg = Debug|Any CPU
		{7591CA4A-9A77-43A5-9D9F-118BE8091752}.Debug|Any CPU.Build.0 = Debug|Any CPU
		{7591CA4A-9A77-43A5-9D9F-118BE8091752}.Release|Any CPU.ActiveCfg = Release|Any CPU
		{7591CA4A-9A77-43A5-9D9F-118BE8091752}.Release|Any CPU.Build.0 = Release|Any CPU
		{472D71EE-201F-4503-9221-B7911EB1AD00}.Debug|Any CPU.ActiveCfg = Debug|Any CPU
		{472D71EE-201F-4503-9221-B7911EB1AD00}.Debug|Any CPU.Build.0 = Debug|Any CPU
		{472D71EE-201F-4503-9221-B7911EB1AD00}.Release|Any CPU.ActiveCfg = Release|Any CPU
		{472D71EE-201F-4503-9221-B7911EB1AD00}.Release|Any CPU.Build.0 = Release|Any CPU
		{C39C47BB-9218-4CA0-B912-6600F68079A3}.Debug|Any CPU.ActiveCfg = Debug|Any CPU
		{C39C47BB-9218-4CA0-B912-6600F68079A3}.Debug|Any CPU.Build.0 = Debug|Any CPU
		{C39C47BB-9218-4CA0-B912-6600F68079A3}.Release|Any CPU.ActiveCfg = Release|Any CPU
		{C39C47BB-9218-4CA0-B912-6600F68079A3}.Release|Any CPU.Build.0 = Release|Any CPU
	EndGlobalSection
	GlobalSection(SolutionProperties) = preSolution
		HideSolutionNode = FALSE
	EndGlobalSection
	GlobalSection(NestedProjects) = preSolution
		{F512658D-C5C7-4A54-9331-29ECCA6FBA73} = {431CC9B4-03CA-42ED-BB7E-7F1C5193715C}
		{72AD63BB-9C87-42E8-A741-CF74121A9E26} = {0E9429EB-EC69-4253-8B48-CC30A0F87FAF}
		{71B0E8C2-CD30-474E-9AF1-75A1D0DB7C5B} = {72AD63BB-9C87-42E8-A741-CF74121A9E26}
		{5C100CE9-8B45-4EF3-BCF4-CCF0DF94BA88} = {0E9429EB-EC69-4253-8B48-CC30A0F87FAF}
		{5BD3F833-ED93-464A-9785-8919BF6CA4C3} = {0E9429EB-EC69-4253-8B48-CC30A0F87FAF}
		{A80B0A25-6306-456A-9D92-413619F1C274} = {0E9429EB-EC69-4253-8B48-CC30A0F87FAF}
		{66D57952-A58D-4422-A52E-CC5C0122BBE9} = {0E9429EB-EC69-4253-8B48-CC30A0F87FAF}
		{F44B9C9B-D663-4BD0-B70D-2C96B89E9222} = {66D57952-A58D-4422-A52E-CC5C0122BBE9}
		{82D1D03F-A89D-42FD-9CBB-C5D779D2FC44} = {0E9429EB-EC69-4253-8B48-CC30A0F87FAF}
		{D279BF86-3E79-4F65-8C36-53D26A86D3FB} = {82D1D03F-A89D-42FD-9CBB-C5D779D2FC44}
		{348C706B-1E65-4D50-BB97-B936741587FB} = {7329F4AC-0F5A-4D65-A50D-4285CFB111B7}
		{5D1A2188-3243-4924-9DFD-F15C2F11DF04} = {348C706B-1E65-4D50-BB97-B936741587FB}
		{EBBF1076-763C-40FF-81BD-16AF8E3F5082} = {0E9429EB-EC69-4253-8B48-CC30A0F87FAF}
		{B347A3CA-776D-41EC-8196-BDB59F7FD0FD} = {EBBF1076-763C-40FF-81BD-16AF8E3F5082}
		{C9F4C184-A52F-4E4A-9083-53D7DD5A6A66} = {17517A9A-3C2A-4BE0-B329-D8DA4CA719C0}
		{BE10FD6A-2124-4EBA-B3F6-57BC5B2D3FB6} = {7329F4AC-0F5A-4D65-A50D-4285CFB111B7}
		{610EC8C0-73D0-4E5F-82C3-779BAE74ACBD} = {BE10FD6A-2124-4EBA-B3F6-57BC5B2D3FB6}
		{5FCCC472-FD66-410E-8CE5-CB357D1A9C58} = {7329F4AC-0F5A-4D65-A50D-4285CFB111B7}
		{58F3C9D1-E5C3-4FA1-94DE-6A98F020566A} = {5FCCC472-FD66-410E-8CE5-CB357D1A9C58}
		{C8157E73-110E-49D1-9BFB-7B20BC6911F2} = {0E9429EB-EC69-4253-8B48-CC30A0F87FAF}
		{5C60A278-0A56-4138-939F-CF3AC181AB32} = {C8157E73-110E-49D1-9BFB-7B20BC6911F2}
		{7591CA4A-9A77-43A5-9D9F-118BE8091752} = {A80B0A25-6306-456A-9D92-413619F1C274}
		{E425164E-3A57-4896-999F-8B9A9293289E} = {7329F4AC-0F5A-4D65-A50D-4285CFB111B7}
		{472D71EE-201F-4503-9221-B7911EB1AD00} = {E425164E-3A57-4896-999F-8B9A9293289E}
		{4BDD96E0-4865-41AB-B435-D59367DF551D} = {0E9429EB-EC69-4253-8B48-CC30A0F87FAF}
		{C39C47BB-9218-4CA0-B912-6600F68079A3} = {4BDD96E0-4865-41AB-B435-D59367DF551D}
	EndGlobalSection
EndGlobal
